
Microsoft Visual Studio Solution File, Format Version 12.00
# Visual Studio Version 16
VisualStudioVersion = 16.0.31019.35
MinimumVisualStudioVersion = 10.0.40219.1
Project("{FAE04EC0-301F-11D3-BF4B-00C04F79EFBC}") = "BackendCore", "BackendCore\BackendCore.csproj", "{2521AEBE-04AC-49C6-920F-F43B43652CB7}"
EndProject
Global
	GlobalSection(SolutionConfigurationPlatforms) = preSolution
		Debug|Any CPU = Debug|Any CPU
		Release|Any CPU = Release|Any CPU
	EndGlobalSection
	GlobalSection(ProjectConfigurationPlatforms) = postSolution
		{2521AEBE-04AC-49C6-920F-F43B43652CB7}.Debug|Any CPU.ActiveCfg = Debug|Any CPU
		{2521AEBE-04AC-49C6-920F-F43B43652CB7}.Debug|Any CPU.Build.0 = Debug|Any CPU
		{2521AEBE-04AC-49C6-920F-F43B43652CB7}.Release|Any CPU.ActiveCfg = Release|Any CPU
		{2521AEBE-04AC-49C6-920F-F43B43652CB7}.Release|Any CPU.Build.0 = Release|Any CPU
	EndGlobalSection
	GlobalSection(SolutionProperties) = preSolution
		HideSolutionNode = FALSE
	EndGlobalSection
	GlobalSection(ExtensibilityGlobals) = postSolution
		SolutionGuid = {A905F421-AE8F-4374-AEC3-B8D3206E54A5}
	EndGlobalSection
EndGlobal
